Microsoft Visual Studio Solution File, Format Version 12.00
# Visual Studio Version 17
VisualStudioVersion = 17.5.2.0
MinimumVisualStudioVersion = 10.0.40219.1
Project("{FAE04EC0-301F-11D3-BF4B-00C04F79EFBC}") = "Pattern6App", "Pattern6App\Pattern6App.csproj", "{F6FDB1C0-8870-0E53-859F-9328C4ADFFFF}"
EndProject
Global
	GlobalSection(SolutionConfigurationPlatforms) = preSolution
		Debug|Any CPU = Debug|Any CPU
		Release|Any CPU = Release|Any CPU
	EndGlobalSection
	GlobalSection(ProjectConfigurationPlatforms) = postSolution
		{F6FDB1C0-8870-0E53-859F-9328C4ADFFFF}.Debug|Any CPU.ActiveCfg = Debug|Any CPU
		{F6FDB1C0-8870-0E53-859F-9328C4ADFFFF}.Debug|Any CPU.Build.0 = Debug|Any CPU
		{F6FDB1C0-8870-0E53-859F-9328C4ADFFFF}.Release|Any CPU.ActiveCfg = Release|Any CPU
		{F6FDB1C0-8870-0E53-859F-9328C4ADFFFF}.Release|Any CPU.Build.0 = Release|Any CPU
	EndGlobalSection
	GlobalSection(SolutionProperties) = preSolution
		HideSolutionNode = FALSE
	EndGlobalSection
	GlobalSection(ExtensibilityGlobals) = postSolution
		SolutionGuid = {09F05483-7788-42F2-9F8E-73A55AF415C9}
	EndGlobalSection
EndGlobal
